# This file is automatically @generated by Cargo.
# It is not intended for manual editing.
version = 3

[[package]]
name = "cyn"
version = "0.1.0"
dependencies = [
 "peeking_take_while",
]

[[package]]
name = "peeking_take_while"
version = "1.0.0"
source = "registry+https://github.com/rust-lang/crates.io-index"
checksum = "9e9ed2178b0575fff8e1b83b58ba6f75e727aafac2e1b6c795169ad3b17eb518"
